// !$*UTF8*$!
{
	archiveVersion = 1;
	classes = {
	};
	objectVersion = 110;
	objects = {

/* Begin PBXBuildFile section */
		27DB9A30306BD5F40062E297 /* PeakCore in Frameworks */ = {isa = PBXBuildFile; productRef = 27DB9A32306BD5F40062E297 /* PeakCore */; };
		27DB9A31306BD5F40062E297 /* PeakDesign in Frameworks */ = {isa = PBXBuildFile; productRef = 27DB9A33306BD5F40062E297 /* PeakDesign */; };
		27DB9A40306BD5F40062E297 /* PeakCore in Frameworks */ = {isa = PBXBuildFile; productRef = 27DB9A4D306BD5F40062E297 /* PeakCore */; };
		27DB9A41306BD5F40062E297 /* PeakDesign in Frameworks */ = {isa = PBXBuildFile; productRef = 27DB9A4E306BD5F40062E297 /* PeakDesign */; };
		27DB9A42306BD5F40062E297 /* PeakWidgetsExtension.appex in Embed Foundation Extensions */ = {isa = PBXBuildFile; fileRef = 27DB9A45306BD5F40062E297 /* PeakWidgetsExtension.appex */; settings = {ATTRIBUTES = (RemoveHeadersOnCopy, ); }; };
/* End PBXBuildFile section */

/* Begin PBXContainerItemProxy section */
		27DB9A43306BD5F40062E297 /* PBXContainerItemProxy */ = {
			isa = PBXContainerItemProxy;
			containerPortal = 27DB9A0E306BD5F40062E297 /* Project object */;
			proxyType = 1;
			remoteGlobalIDString = 27DB9A49306BD5F40062E297;
			remoteInfo = PeakWidgetsExtension;
		};
/* End PBXContainerItemProxy section */

/* Begin PBXCopyFilesBuildPhase section */
		27DB9A44306BD5F40062E297 /* Embed Foundation Extensions */ = {
			isa = PBXCopyFilesBuildPhase;
			dstPath = "";
			dstSubfolder = PlugIns;
			files = (
				27DB9A42306BD5F40062E297 /* PeakWidgetsExtension.appex in Embed Foundation Extensions */,
			);
			name = "Embed Foundation Extensions";
		};
/* End PBXCopyFilesBuildPhase section */

/* Begin PBXFileReference section */
		27DB9A16306BD5F40062E297 /* Peak.app */ = {isa = PBXFileReference; explicitFileType = wrapper.application; includeInIndex = 0; path = Peak.app; sourceTree = BUILT_PRODUCTS_DIR; };
		27DB9A45306BD5F40062E297 /* PeakWidgetsExtension.appex */ = {isa = PBXFileReference; explicitFileType = "wrapper.app-extension"; includeInIndex = 0; path = PeakWidgetsExtension.appex; sourceTree = BUILT_PRODUCTS_DIR; };
/* End PBXFileReference section */

/* Begin PBXFileSystemSynchronizedBuildFileExceptionSet section */
		27DB9A46306BD5F40062E297 /* Exceptions for "PeakWidgets" folder in "PeakWidgetsExtension" target */ = {
			isa = PBXFileSystemSynchronizedBuildFileExceptionSet;
			membershipExceptions = (
				Info.plist,
			);
			target = 27DB9A49306BD5F40062E297 /* PeakWidgetsExtension */;
		};
/* End PBXFileSystemSynchronizedBuildFileExceptionSet section */

/* Begin PBXFileSystemSynchronizedRootGroup section */
		27DB9A18306BD5F40062E297 /* Peak */ = {
			isa = PBXFileSystemSynchronizedRootGroup;
			path = Peak;
			sourceTree = "<group>";
		};
		27DB9A47306BD5F40062E297 /* PeakWidgets */ = {
			isa = PBXFileSystemSynchronizedRootGroup;
			exceptions = (
				27DB9A46306BD5F40062E297 /* Exceptions for "PeakWidgets" folder in "PeakWidgetsExtension" target */,
			);
			path = PeakWidgets;
			sourceTree = "<group>";
		};
		27DB9A52306BD5F40062E297 /* PeakShared */ = {
			isa = PBXFileSystemSynchronizedRootGroup;
			path = PeakShared;
			sourceTree = "<group>";
		};
/* End PBXFileSystemSynchronizedRootGroup section */

/* Begin PBXFrameworksBuildPhase section */
		27DB9A13306BD5F40062E297 /* Frameworks */ = {
			isa = PBXFrameworksBuildPhase;
			files = (
				27DB9A30306BD5F40062E297 /* PeakCore in Frameworks */,
				27DB9A31306BD5F40062E297 /* PeakDesign in Frameworks */,
			);
		};
		27DB9A48306BD5F40062E297 /* Frameworks */ = {
			isa = PBXFrameworksBuildPhase;
			files = (
				27DB9A40306BD5F40062E297 /* PeakCore in Frameworks */,
				27DB9A41306BD5F40062E297 /* PeakDesign in Frameworks */,
			);
		};
/* End PBXFrameworksBuildPhase section */

/* Begin PBXGroup section */
		27DB9A0D306BD5F40062E297 = {
			isa = PBXGroup;
			children = (
				27DB9A18306BD5F40062E297 /* Peak */,
				27DB9A47306BD5F40062E297 /* PeakWidgets */,
				27DB9A52306BD5F40062E297 /* PeakShared */,
				27DB9A17306BD5F40062E297 /* Products */,
			);
			sourceTree = "<group>";
		};
		27DB9A17306BD5F40062E297 /* Products */ = {
			isa = PBXGroup;
			children = (
				27DB9A16306BD5F40062E297 /* Peak.app */,
				27DB9A45306BD5F40062E297 /* PeakWidgetsExtension.appex */,
			);
			name = Products;
			sourceTree = "<group>";
		};
/* End PBXGroup section */

/* Begin PBXNativeTarget section */
		27DB9A15306BD5F40062E297 /* Peak */ = {
			isa = PBXNativeTarget;
			buildConfigurationList = 27DB9A21306BD5F50062E297 /* Build configuration list for PBXNativeTarget "Peak" */;
			buildPhases = (
				27DB9A35306BD5F40062E297 /* SwiftLint */,
				27DB9A12306BD5F40062E297 /* Sources */,
				27DB9A13306BD5F40062E297 /* Frameworks */,
				27DB9A14306BD5F40062E297 /* Resources */,
				27DB9A44306BD5F40062E297 /* Embed Foundation Extensions */,
			);
			buildRules = (
			);
			dependencies = (
				27DB9A4F306BD5F40062E297 /* PBXTargetDependency */,
			);
			fileSystemSynchronizedGroups = (
				27DB9A18306BD5F40062E297 /* Peak */,
				27DB9A52306BD5F40062E297 /* PeakShared */,
			);
			name = Peak;
			packageProductDependencies = (
				27DB9A32306BD5F40062E297 /* PeakCore */,
				27DB9A33306BD5F40062E297 /* PeakDesign */,
			);
			productName = Peak;
			productReference = 27DB9A16306BD5F40062E297 /* Peak.app */;
			productType = "com.apple.product-type.application";
		};
		27DB9A49306BD5F40062E297 /* PeakWidgetsExtension */ = {
			isa = PBXNativeTarget;
			buildConfigurationList = 27DB9A4A306BD5F40062E297 /* Build configuration list for PBXNativeTarget "PeakWidgetsExtension" */;
			buildPhases = (
				27DB9A4B306BD5F40062E297 /* Sources */,
				27DB9A48306BD5F40062E297 /* Frameworks */,
				27DB9A4C306BD5F40062E297 /* Resources */,
			);
			buildRules = (
			);
			fileSystemSynchronizedGroups = (
				27DB9A47306BD5F40062E297 /* PeakWidgets */,
				27DB9A52306BD5F40062E297 /* PeakShared */,
			);
			name = PeakWidgetsExtension;
			packageProductDependencies = (
				27DB9A4D306BD5F40062E297 /* PeakCore */,
				27DB9A4E306BD5F40062E297 /* PeakDesign */,
			);
			productName = PeakWidgetsExtension;
			productReference = 27DB9A45306BD5F40062E297 /* PeakWidgetsExtension.appex */;
			productType = "com.apple.product-type.app-extension";
		};
/* End PBXNativeTarget section */

/* Begin PBXProject section */
		27DB9A0E306BD5F40062E297 /* Project object */ = {
			isa = PBXProject;
			attributes = {
				BuildIndependentTargetsInParallel = 1;
				LastSwiftUpdateCheck = 2700;
				LastUpgradeCheck = 2700;
				TargetAttributes = {
					27DB9A15306BD5F40062E297 = {
						CreatedOnToolsVersion = 27.0;
					};
					27DB9A49306BD5F40062E297 = {
						CreatedOnToolsVersion = 27.0;
					};
				};
			};
			buildConfigurationList = 27DB9A11306BD5F40062E297 /* Build configuration list for PBXProject "Peak" */;
			developmentRegion = en;
			hasScannedForEncodings = 0;
			knownRegions = (
				en,
				tr,
				Base,
			);
			mainGroup = 27DB9A0D306BD5F40062E297;
			minimizedProjectReferenceProxies = 1;
			packageReferences = (
				27DB9A34306BD5F40062E297 /* XCLocalSwiftPackageReference "Packages/PeakKit" */,
			);
			preferredProjectObjectVersion = 77;
			productRefGroup = 27DB9A17306BD5F40062E297 /* Products */;
			projectDirPath = "";
			projectRoot = "";
			targets = (
				27DB9A15306BD5F40062E297 /* Peak */,
				27DB9A49306BD5F40062E297 /* PeakWidgetsExtension */,
			);
		};
/* End PBXProject section */

/* Begin PBXResourcesBuildPhase section */
		27DB9A14306BD5F40062E297 /* Resources */ = {
			isa = PBXResourcesBuildPhase;
			files = (
			);
		};
		27DB9A4C306BD5F40062E297 /* Resources */ = {
			isa = PBXResourcesBuildPhase;
			files = (
			);
		};
/* End PBXResourcesBuildPhase section */

/* Begin PBXShellScriptBuildPhase section */
		27DB9A35306BD5F40062E297 /* SwiftLint */ = {
			isa = PBXShellScriptBuildPhase;
			alwaysOutOfDate = 1;
			name = SwiftLint;
			shellPath = /bin/sh;
			shellScript = (
				"# CI lints in its own job (.github/workflows/ci.yml).",
				"if [ \"$CI\" = \"true\" ]; then exit 0; fi",
				"",
				"# Homebrew on Apple silicon installs to /opt/homebrew/bin, which is not on Xcode's PATH.",
				"export PATH=\"$PATH:/opt/homebrew/bin\"",
				"if command -v swiftlint >/dev/null 2>&1; then",
				"  cd \"$SRCROOT\" && swiftlint lint --quiet",
				"else",
				"  echo \"warning: SwiftLint is not installed. Run: brew install swiftlint\"",
				"fi",
				"",
			);
		};
/* End PBXShellScriptBuildPhase section */

/* Begin PBXSourcesBuildPhase section */
		27DB9A12306BD5F40062E297 /* Sources */ = {
			isa = PBXSourcesBuildPhase;
			files = (
			);
		};
		27DB9A4B306BD5F40062E297 /* Sources */ = {
			isa = PBXSourcesBuildPhase;
			files = (
			);
		};
/* End PBXSourcesBuildPhase section */

/* Begin PBXTargetDependency section */
		27DB9A4F306BD5F40062E297 /* PBXTargetDependency */ = {
			isa = PBXTargetDependency;
			target = 27DB9A49306BD5F40062E297 /* PeakWidgetsExtension */;
			targetProxy = 27DB9A43306BD5F40062E297 /* PBXContainerItemProxy */;
		};
/* End PBXTargetDependency section */

/* Begin XCBuildConfiguration section */
		27DB9A1F306BD5F50062E297 /* Debug configuration for PBXProject "Peak" */ = {
			isa = XCBuildConfiguration;
			buildSettings = {
				ALWAYS_SEARCH_USER_PATHS = NO;
				ASSETCATALOG_COMPILER_GENERATE_SWIFT_ASSET_SYMBOL_EXTENSIONS = YES;
				CLANG_ANALYZER_NONNULL = YES;
				CLANG_ANALYZER_NUMBER_OBJECT_CONVERSION = YES_AGGRESSIVE;
				CLANG_CXX_LANGUAGE_STANDARD = "gnu++20";
				CLANG_ENABLE_MODULES = YES;
				CLANG_ENABLE_OBJC_ARC = YES;
				CLANG_ENABLE_OBJC_WEAK = YES;
				CLANG_WARN_BLOCK_CAPTURE_AUTORELEASING = YES;
				CLANG_WARN_BOOL_CONVERSION = YES;
				CLANG_WARN_COMMA = YES;
				CLANG_WARN_CONSTANT_CONVERSION = YES;
				CLANG_WARN_DEPRECATED_OBJC_IMPLEMENTATIONS = YES;
				CLANG_WARN_DIRECT_OBJC_ISA_USAGE = YES_ERROR;
				CLANG_WARN_DOCUMENTATION_COMMENTS = YES;
				CLANG_WARN_EMPTY_BODY = YES;
				CLANG_WARN_ENUM_CONVERSION = YES;
				CLANG_WARN_INFINITE_RECURSION = YES;
				CLANG_WARN_INT_CONVERSION = YES;
				CLANG_WARN_NON_LITERAL_NULL_CONVERSION = YES;
				CLANG_WARN_OBJC_IMPLICIT_RETAIN_SELF = YES;
				CLANG_WARN_OBJC_LITERAL_CONVERSION = YES;
				CLANG_WARN_OBJC_ROOT_CLASS = YES_ERROR;
				CLANG_WARN_QUOTED_INCLUDE_IN_FRAMEWORK_HEADER = YES;
				CLANG_WARN_RANGE_LOOP_ANALYSIS = YES;
				CLANG_WARN_STRICT_PROTOTYPES = YES;
				CLANG_WARN_SUSPICIOUS_MOVE = YES;
				CLANG_WARN_UNGUARDED_AVAILABILITY = YES_AGGRESSIVE;
				CLANG_WARN_UNREACHABLE_CODE = YES;
				CLANG_WARN__DUPLICATE_METHOD_MATCH = YES;
				COPY_PHASE_STRIP = NO;
				DEBUG_INFORMATION_FORMAT = dwarf;
				ENABLE_STRICT_OBJC_MSGSEND = YES;
				ENABLE_TESTABILITY = YES;
				ENABLE_USER_SCRIPT_SANDBOXING = YES;
				GCC_C_LANGUAGE_STANDARD = gnu17;
				GCC_DYNAMIC_NO_PIC = NO;
				GCC_NO_COMMON_BLOCKS = YES;
				GCC_OPTIMIZATION_LEVEL = 0;
				GCC_PREPROCESSOR_DEFINITIONS = (
					"DEBUG=1",
					"$(inherited)",
				);
				GCC_WARN_64_TO_32_BIT_CONVERSION = YES;
				GCC_WARN_ABOUT_RETURN_TYPE = YES_ERROR;
				GCC_WARN_UNDECLARED_SELECTOR = YES;
				GCC_WARN_UNINITIALIZED_AUTOS = YES_AGGRESSIVE;
				GCC_WARN_UNUSED_FUNCTION = YES;
				GCC_WARN_UNUSED_VARIABLE = YES;
				IPHONEOS_DEPLOYMENT_TARGET = 26.0;
				LOCALIZATION_PREFERS_STRING_CATALOGS = YES;
				MTL_ENABLE_DEBUG_INFO = INCLUDE_SOURCE;
				MTL_FAST_MATH = YES;
				ONLY_ACTIVE_ARCH = YES;
				SDKROOT = iphoneos;
				SWIFT_ACTIVE_COMPILATION_CONDITIONS = "DEBUG $(inherited)";
				SWIFT_OPTIMIZATION_LEVEL = "-Onone";
			};
			name = Debug;
		};
		27DB9A20306BD5F50062E297 /* Release configuration for PBXProject "Peak" */ = {
			isa = XCBuildConfiguration;
			buildSettings = {
				ALWAYS_SEARCH_USER_PATHS = NO;
				ASSETCATALOG_COMPILER_GENERATE_SWIFT_ASSET_SYMBOL_EXTENSIONS = YES;
				CLANG_ANALYZER_NONNULL = YES;
				CLANG_ANALYZER_NUMBER_OBJECT_CONVERSION = YES_AGGRESSIVE;
				CLANG_CXX_LANGUAGE_STANDARD = "gnu++20";
				CLANG_ENABLE_MODULES = YES;
				CLANG_ENABLE_OBJC_ARC = YES;
				CLANG_ENABLE_OBJC_WEAK = YES;
				CLANG_WARN_BLOCK_CAPTURE_AUTORELEASING = YES;
				CLANG_WARN_BOOL_CONVERSION = YES;
				CLANG_WARN_COMMA = YES;
				CLANG_WARN_CONSTANT_CONVERSION = YES;
				CLANG_WARN_DEPRECATED_OBJC_IMPLEMENTATIONS = YES;
				CLANG_WARN_DIRECT_OBJC_ISA_USAGE = YES_ERROR;
				CLANG_WARN_DOCUMENTATION_COMMENTS = YES;
				CLANG_WARN_EMPTY_BODY = YES;
				CLANG_WARN_ENUM_CONVERSION = YES;
				CLANG_WARN_INFINITE_RECURSION = YES;
				CLANG_WARN_INT_CONVERSION = YES;
				CLANG_WARN_NON_LITERAL_NULL_CONVERSION = YES;
				CLANG_WARN_OBJC_IMPLICIT_RETAIN_SELF = YES;
				CLANG_WARN_OBJC_LITERAL_CONVERSION = YES;
				CLANG_WARN_OBJC_ROOT_CLASS = YES_ERROR;
				CLANG_WARN_QUOTED_INCLUDE_IN_FRAMEWORK_HEADER = YES;
				CLANG_WARN_RANGE_LOOP_ANALYSIS = YES;
				CLANG_WARN_STRICT_PROTOTYPES = YES;
				CLANG_WARN_SUSPICIOUS_MOVE = YES;
				CLANG_WARN_UNGUARDED_AVAILABILITY = YES_AGGRESSIVE;
				CLANG_WARN_UNREACHABLE_CODE = YES;
				CLANG_WARN__DUPLICATE_METHOD_MATCH = YES;
				COPY_PHASE_STRIP = NO;
				DEBUG_INFORMATION_FORMAT = "dwarf-with-dsym";
				ENABLE_NS_ASSERTIONS = NO;
				ENABLE_STRICT_OBJC_MSGSEND = YES;
				ENABLE_USER_SCRIPT_SANDBOXING = YES;
				GCC_C_LANGUAGE_STANDARD = gnu17;
				GCC_NO_COMMON_BLOCKS = YES;
				GCC_WARN_64_TO_32_BIT_CONVERSION = YES;
				GCC_WARN_ABOUT_RETURN_TYPE = YES_ERROR;
				GCC_WARN_UNDECLARED_SELECTOR = YES;
				GCC_WARN_UNINITIALIZED_AUTOS = YES_AGGRESSIVE;
				GCC_WARN_UNUSED_FUNCTION = YES;
				GCC_WARN_UNUSED_VARIABLE = YES;
				IPHONEOS_DEPLOYMENT_TARGET = 26.0;
				LOCALIZATION_PREFERS_STRING_CATALOGS = YES;
				MTL_ENABLE_DEBUG_INFO = NO;
				MTL_FAST_MATH = YES;
				SDKROOT = iphoneos;
				SWIFT_COMPILATION_MODE = wholemodule;
				VALIDATE_PRODUCT = YES;
			};
			name = Release;
		};
		27DB9A22306BD5F50062E297 /* Debug configuration for PBXNativeTarget "Peak" */ = {
			isa = XCBuildConfiguration;
			buildSettings = {
				ASSETCATALOG_COMPILER_APPICON_NAME = AppIcon;
				ASSETCATALOG_COMPILER_GLOBAL_ACCENT_COLOR_NAME = AccentColor;
				CODE_SIGN_ENTITLEMENTS = Peak/Peak.entitlements;
				CODE_SIGN_STYLE = Automatic;
				CURRENT_PROJECT_VERSION = 1;
				DEVELOPMENT_TEAM = 8J3TZQAADL;
				ENABLE_PREVIEWS = YES;
				ENABLE_USER_SCRIPT_SANDBOXING = NO;
				GENERATE_INFOPLIST_FILE = YES;
				INFOPLIST_KEY_ITSAppUsesNonExemptEncryption = NO;
				INFOPLIST_KEY_LSSupportsOpeningDocumentsInPlace = YES;
				INFOPLIST_KEY_NSHealthShareUsageDescription = "Peak reads steps, sleep, heart rate variability, resting heart rate and water to show your daily progress and Energy Level.";
				INFOPLIST_KEY_NSHealthUpdateUsageDescription = "Peak saves your water intake and completed workouts to Apple Health.";
				INFOPLIST_KEY_NSSupportsLiveActivities = YES;
				INFOPLIST_KEY_UIApplicationSceneManifest_Generation = YES;
				INFOPLIST_KEY_UIApplicationSupportsIndirectInputEvents = YES;
				INFOPLIST_KEY_UIFileSharingEnabled = YES;
				INFOPLIST_KEY_UILaunchScreen_Generation = YES;
				INFOPLIST_KEY_UISupportedInterfaceOrientations_iPad = "UIInterfaceOrientationPortrait UIInterfaceOrientationPortraitUpsideDown UIInterfaceOrientationLandscapeLeft UIInterfaceOrientationLandscapeRight";
				INFOPLIST_KEY_UISupportedInterfaceOrientations_iPhone = "UIInterfaceOrientationPortrait UIInterfaceOrientationLandscapeLeft UIInterfaceOrientationLandscapeRight";
				LD_RUNPATH_SEARCH_PATHS = (
					"$(inherited)",
					"@executable_path/Frameworks",
				);
				MARKETING_VERSION = 1.0;
				PRODUCT_BUNDLE_IDENTIFIER = com.tunamu.peak;
				PRODUCT_NAME = "$(TARGET_NAME)";
				STRING_CATALOG_GENERATE_SYMBOLS = YES;
				SWIFT_APPROACHABLE_CONCURRENCY = YES;
				SWIFT_DEFAULT_ACTOR_ISOLATION = MainActor;
				SWIFT_EMIT_LOC_STRINGS = YES;
				SWIFT_UPCOMING_FEATURE_MEMBER_IMPORT_VISIBILITY = YES;
				SWIFT_VERSION = 5.0;
				TARGETED_DEVICE_FAMILY = 1;
			};
			name = Debug;
		};
		27DB9A23306BD5F50062E297 /* Release configuration for PBXNativeTarget "Peak" */ = {
			isa = XCBuildConfiguration;
			buildSettings = {
				ASSETCATALOG_COMPILER_APPICON_NAME = AppIcon;
				ASSETCATALOG_COMPILER_GLOBAL_ACCENT_COLOR_NAME = AccentColor;
				CODE_SIGN_ENTITLEMENTS = Peak/Peak.entitlements;
				CODE_SIGN_STYLE = Automatic;
				CURRENT_PROJECT_VERSION = 1;
				DEVELOPMENT_TEAM = 8J3TZQAADL;
				ENABLE_PREVIEWS = YES;
				ENABLE_USER_SCRIPT_SANDBOXING = NO;
				GENERATE_INFOPLIST_FILE = YES;
				INFOPLIST_KEY_ITSAppUsesNonExemptEncryption = NO;
				INFOPLIST_KEY_LSSupportsOpeningDocumentsInPlace = YES;
				INFOPLIST_KEY_NSHealthShareUsageDescription = "Peak reads steps, sleep, heart rate variability, resting heart rate and water to show your daily progress and Energy Level.";
				INFOPLIST_KEY_NSHealthUpdateUsageDescription = "Peak saves your water intake and completed workouts to Apple Health.";
				INFOPLIST_KEY_NSSupportsLiveActivities = YES;
				INFOPLIST_KEY_UIApplicationSceneManifest_Generation = YES;
				INFOPLIST_KEY_UIApplicationSupportsIndirectInputEvents = YES;
				INFOPLIST_KEY_UIFileSharingEnabled = YES;
				INFOPLIST_KEY_UILaunchScreen_Generation = YES;
				INFOPLIST_KEY_UISupportedInterfaceOrientations_iPad = "UIInterfaceOrientationPortrait UIInterfaceOrientationPortraitUpsideDown UIInterfaceOrientationLandscapeLeft UIInterfaceOrientationLandscapeRight";
				INFOPLIST_KEY_UISupportedInterfaceOrientations_iPhone = "UIInterfaceOrientationPortrait UIInterfaceOrientationLandscapeLeft UIInterfaceOrientationLandscapeRight";
				LD_RUNPATH_SEARCH_PATHS = (
					"$(inherited)",
					"@executable_path/Frameworks",
				);
				MARKETING_VERSION = 1.0;
				PRODUCT_BUNDLE_IDENTIFIER = com.tunamu.peak;
				PRODUCT_NAME = "$(TARGET_NAME)";
				STRING_CATALOG_GENERATE_SYMBOLS = YES;
				SWIFT_APPROACHABLE_CONCURRENCY = YES;
				SWIFT_DEFAULT_ACTOR_ISOLATION = MainActor;
				SWIFT_EMIT_LOC_STRINGS = YES;
				SWIFT_UPCOMING_FEATURE_MEMBER_IMPORT_VISIBILITY = YES;
				SWIFT_VERSION = 5.0;
				TARGETED_DEVICE_FAMILY = 1;
			};
			name = Release;
		};
		27DB9A50306BD5F40062E297 /* Debug configuration for PBXNativeTarget "PeakWidgetsExtension" */ = {
			isa = XCBuildConfiguration;
			buildSettings = {
				CODE_SIGN_ENTITLEMENTS = PeakWidgets/PeakWidgets.entitlements;
				CODE_SIGN_STYLE = Automatic;
				CURRENT_PROJECT_VERSION = 1;
				DEVELOPMENT_TEAM = 8J3TZQAADL;
				GENERATE_INFOPLIST_FILE = YES;
				INFOPLIST_FILE = PeakWidgets/Info.plist;
				INFOPLIST_KEY_CFBundleDisplayName = Peak;
				LD_RUNPATH_SEARCH_PATHS = (
					"$(inherited)",
					"@executable_path/Frameworks",
					"@executable_path/../../Frameworks",
				);
				MARKETING_VERSION = 1.0;
				PRODUCT_BUNDLE_IDENTIFIER = com.tunamu.peak.widgets;
				PRODUCT_NAME = "$(TARGET_NAME)";
				SKIP_INSTALL = YES;
				STRING_CATALOG_GENERATE_SYMBOLS = YES;
				SWIFT_APPROACHABLE_CONCURRENCY = YES;
				SWIFT_EMIT_LOC_STRINGS = YES;
				SWIFT_UPCOMING_FEATURE_MEMBER_IMPORT_VISIBILITY = YES;
				SWIFT_VERSION = 5.0;
				TARGETED_DEVICE_FAMILY = 1;
			};
			name = Debug;
		};
		27DB9A51306BD5F40062E297 /* Release configuration for PBXNativeTarget "PeakWidgetsExtension" */ = {
			isa = XCBuildConfiguration;
			buildSettings = {
				CODE_SIGN_ENTITLEMENTS = PeakWidgets/PeakWidgets.entitlements;
				CODE_SIGN_STYLE = Automatic;
				CURRENT_PROJECT_VERSION = 1;
				DEVELOPMENT_TEAM = 8J3TZQAADL;
				GENERATE_INFOPLIST_FILE = YES;
				INFOPLIST_FILE = PeakWidgets/Info.plist;
				INFOPLIST_KEY_CFBundleDisplayName = Peak;
				LD_RUNPATH_SEARCH_PATHS = (
					"$(inherited)",
					"@executable_path/Frameworks",
					"@executable_path/../../Frameworks",
				);
				MARKETING_VERSION = 1.0;
				PRODUCT_BUNDLE_IDENTIFIER = com.tunamu.peak.widgets;
				PRODUCT_NAME = "$(TARGET_NAME)";
				SKIP_INSTALL = YES;
				STRING_CATALOG_GENERATE_SYMBOLS = YES;
				SWIFT_APPROACHABLE_CONCURRENCY = YES;
				SWIFT_EMIT_LOC_STRINGS = YES;
				SWIFT_UPCOMING_FEATURE_MEMBER_IMPORT_VISIBILITY = YES;
				SWIFT_VERSION = 5.0;
				TARGETED_DEVICE_FAMILY = 1;
			};
			name = Release;
		};
/* End XCBuildConfiguration section */

/* Begin XCConfigurationList section */
		27DB9A11306BD5F40062E297 /* Build configuration list for PBXProject "Peak" */ = {
			isa = XCConfigurationList;
			buildConfigurations = (
				27DB9A1F306BD5F50062E297 /* Debug configuration for PBXProject "Peak" */,
				27DB9A20306BD5F50062E297 /* Release configuration for PBXProject "Peak" */,
			);
			defaultConfigurationName = Release;
		};
		27DB9A21306BD5F50062E297 /* Build configuration list for PBXNativeTarget "Peak" */ = {
			isa = XCConfigurationList;
			buildConfigurations = (
				27DB9A22306BD5F50062E297 /* Debug configuration for PBXNativeTarget "Peak" */,
				27DB9A23306BD5F50062E297 /* Release configuration for PBXNativeTarget "Peak" */,
			);
			defaultConfigurationName = Release;
		};
		27DB9A4A306BD5F40062E297 /* Build configuration list for PBXNativeTarget "PeakWidgetsExtension" */ = {
			isa = XCConfigurationList;
			buildConfigurations = (
				27DB9A50306BD5F40062E297 /* Debug configuration for PBXNativeTarget "PeakWidgetsExtension" */,
				27DB9A51306BD5F40062E297 /* Release configuration for PBXNativeTarget "PeakWidgetsExtension" */,
			);
			defaultConfigurationName = Release;
		};
/* End XCConfigurationList section */

/* Begin XCLocalSwiftPackageReference section */
		27DB9A34306BD5F40062E297 /* XCLocalSwiftPackageReference "Packages/PeakKit" */ = {
			isa = XCLocalSwiftPackageReference;
			relativePath = Packages/PeakKit;
		};
/* End XCLocalSwiftPackageReference section */

/* Begin XCSwiftPackageProductDependency section */
		27DB9A32306BD5F40062E297 /* PeakCore */ = {
			isa = XCSwiftPackageProductDependency;
			productName = PeakCore;
		};
		27DB9A33306BD5F40062E297 /* PeakDesign */ = {
			isa = XCSwiftPackageProductDependency;
			productName = PeakDesign;
		};
		27DB9A4D306BD5F40062E297 /* PeakCore */ = {
			isa = XCSwiftPackageProductDependency;
			productName = PeakCore;
		};
		27DB9A4E306BD5F40062E297 /* PeakDesign */ = {
			isa = XCSwiftPackageProductDependency;
			productName = PeakDesign;
		};
/* End XCSwiftPackageProductDependency section */
	};
	rootObject = 27DB9A0E306BD5F40062E297 /* Project object */;
	validationLevel = 1;
}
